Microsoft Visual Studio Solution File, Format Version 12.00
# Visual Studio Version 17
VisualStudioVersion = 17.5.2.0
MinimumVisualStudioVersion = 10.0.40219.1
Project("{FAE04EC0-301F-11D3-BF4B-00C04F79EFBC}") = "Tienda_Final", "Tienda_Final.csproj", "{0110BF37-D647-F78F-1E3F-33D193B06A50}"
EndProject
Global
	GlobalSection(SolutionConfigurationPlatforms) = preSolution
		Debug|Any CPU = Debug|Any CPU
		Release|Any CPU = Release|Any CPU
	EndGlobalSection
	GlobalSection(ProjectConfigurationPlatforms) = postSolution
		{0110BF37-D647-F78F-1E3F-33D193B06A50}.Debug|Any CPU.ActiveCfg = Debug|Any CPU
		{0110BF37-D647-F78F-1E3F-33D193B06A50}.Debug|Any CPU.Build.0 = Debug|Any CPU
		{0110BF37-D647-F78F-1E3F-33D193B06A50}.Release|Any CPU.ActiveCfg = Release|Any CPU
		{0110BF37-D647-F78F-1E3F-33D193B06A50}.Release|Any CPU.Build.0 = Release|Any CPU
	EndGlobalSection
	GlobalSection(SolutionProperties) = preSolution
		HideSolutionNode = FALSE
	EndGlobalSection
	GlobalSection(ExtensibilityGlobals) = postSolution
		SolutionGuid = {5898799F-5C44-4CC7-B220-4329E1A49693}
	EndGlobalSection
EndGlobal
